
Microsoft Visual Studio Solution File, Format Version 12.00
# Visual Studio 14
VisualStudioVersion = 14.0.25123.0
MinimumVisualStudioVersion = 10.0.40219.1
Project("{FAE04EC0-301F-11D3-BF4B-00C04F79EFBC}") = "提取答案", "提取答案\提取答案.csproj", "{B7BE337C-7C5A-453D-BFE5-9269A3FB6065}"
EndProject
Global
	GlobalSection(SolutionConfigurationPlatforms) = preSolution
		Debug|Any CPU = Debug|Any CPU
		Release|Any CPU = Release|Any CPU
	EndGlobalSection
	GlobalSection(ProjectConfigurationPlatforms) = postSolution
		{B7BE337C-7C5A-453D-BFE5-9269A3FB6065}.Debug|Any CPU.ActiveCfg = Debug|Any CPU
		{B7BE337C-7C5A-453D-BFE5-9269A3FB6065}.Debug|Any CPU.Build.0 = Debug|Any CPU
		{B7BE337C-7C5A-453D-BFE5-9269A3FB6065}.Release|Any CPU.ActiveCfg = Release|Any CPU
		{B7BE337C-7C5A-453D-BFE5-9269A3FB6065}.Release|Any CPU.Build.0 = Release|Any CPU
	EndGlobalSection
	GlobalSection(SolutionProperties) = preSolution
		HideSolutionNode = FALSE
	EndGlobalSection
EndGlobal
